
Microsoft Visual Studio Solution File, Format Version 12.00
# Visual Studio Version 17
VisualStudioVersion = 17.0.31903.59
MinimumVisualStudioVersion = 10.0.40219.1
Project("{FAE04EC0-301F-11D3-BF4B-00C04F79EFBC}") = "TaskTracking.Entities", "TaskTracking.Entities\TaskTracking.Entities.csproj", "{5F16B919-A3CC-4F50-8792-1D2228164819}"
EndProject
Project("{FAE04EC0-301F-11D3-BF4B-00C04F79EFBC}") = "TaskTracking.WebAPI", "TaskTracking.WebAPI\TaskTracking.WebAPI.csproj", "{50B307E6-7CD8-49CC-8AEF-1391C0CCC309}"
EndProject
Project("{FAE04EC0-301F-11D3-BF4B-00C04F79EFBC}") = "TaskTracking.DataAccess", "TaskTracking.DataAccess\TaskTracking.DataAccess.csproj", "{0509DFCC-A7FF-4D10-BD3D-3F298D60D37D}"
EndProject
Project("{FAE04EC0-301F-11D3-BF4B-00C04F79EFBC}") = "TaskTracking.Business", "TaskTracking.Business\TaskTracking.Business.csproj", "{0966FF75-50C6-438B-B4D3-6A8C88588695}"
EndProject
Global
	GlobalSection(SolutionConfigurationPlatforms) = preSolution
		Debug|Any CPU = Debug|Any CPU
		Debug|x64 = Debug|x64
		Debug|x86 = Debug|x86
		Release|Any CPU = Release|Any CPU
		Release|x64 = Release|x64
		Release|x86 = Release|x86
	EndGlobalSection
	GlobalSection(ProjectConfigurationPlatforms) = postSolution
		{5F16B919-A3CC-4F50-8792-1D2228164819}.Debug|Any CPU.ActiveCfg = Debug|Any CPU
		{5F16B919-A3CC-4F50-8792-1D2228164819}.Debug|Any CPU.Build.0 = Debug|Any CPU
		{5F16B919-A3CC-4F50-8792-1D2228164819}.Debug|x64.ActiveCfg = Debug|Any CPU
		{5F16B919-A3CC-4F50-8792-1D2228164819}.Debug|x64.Build.0 = Debug|Any CPU
		{5F16B919-A3CC-4F50-8792-1D2228164819}.Debug|x86.ActiveCfg = Debug|Any CPU
		{5F16B919-A3CC-4F50-8792-1D2228164819}.Debug|x86.Build.0 = Debug|Any CPU
		{5F16B919-A3CC-4F50-8792-1D2228164819}.Release|Any CPU.ActiveCfg = Release|Any CPU
		{5F16B919-A3CC-4F50-8792-1D2228164819}.Release|Any CPU.Build.0 = Release|Any CPU
		{5F16B919-A3CC-4F50-8792-1D2228164819}.Release|x64.ActiveCfg = Release|Any CPU
		{5F16B919-A3CC-4F50-8792-1D2228164819}.Release|x64.Build.0 = Release|Any CPU
		{5F16B919-A3CC-4F50-8792-1D2228164819}.Release|x86.ActiveCfg = Release|Any CPU
		{5F16B919-A3CC-4F50-8792-1D2228164819}.Release|x86.Build.0 = Release|Any CPU
		{50B307E6-7CD8-49CC-8AEF-1391C0CCC309}.Debug|Any CPU.ActiveCfg = Debug|Any CPU
		{50B307E6-7CD8-49CC-8AEF-1391C0CCC309}.Debug|Any CPU.Build.0 = Debug|Any CPU
		{50B307E6-7CD8-49CC-8AEF-1391C0CCC309}.Debug|x64.ActiveCfg = Debug|Any CPU
		{50B307E6-7CD8-49CC-8AEF-1391C0CCC309}.Debug|x64.Build.0 = Debug|Any CPU
		{50B307E6-7CD8-49CC-8AEF-1391C0CCC309}.Debug|x86.ActiveCfg = Debug|Any CPU
		{50B307E6-7CD8-49CC-8AEF-1391C0CCC309}.Debug|x86.Build.0 = Debug|Any CPU
		{50B307E6-7CD8-49CC-8AEF-1391C0CCC309}.Release|Any CPU.ActiveCfg = Release|Any CPU
		{50B307E6-7CD8-49CC-8AEF-1391C0CCC309}.Release|Any CPU.Build.0 = Release|Any CPU
		{50B307E6-7CD8-49CC-8AEF-1391C0CCC309}.Release|x64.ActiveCfg = Release|Any CPU
		{50B307E6-7CD8-49CC-8AEF-1391C0CCC309}.Release|x64.Build.0 = Release|Any CPU
		{50B307E6-7CD8-49CC-8AEF-1391C0CCC309}.Release|x86.ActiveCfg = Release|Any CPU
		{50B307E6-7CD8-49CC-8AEF-1391C0CCC309}.Release|x86.Build.0 = Release|Any CPU
		{0509DFCC-A7FF-4D10-BD3D-3F298D60D37D}.Debug|Any CPU.ActiveCfg = Debug|Any CPU
		{0509DFCC-A7FF-4D10-BD3D-3F298D60D37D}.Debug|Any CPU.Build.0 = Debug|Any CPU
		{0509DFCC-A7FF-4D10-BD3D-3F298D60D37D}.Debug|x64.ActiveCfg = Debug|Any CPU
		{0509DFCC-A7FF-4D10-BD3D-3F298D60D37D}.Debug|x64.Build.0 = Debug|Any CPU
		{0509DFCC-A7FF-4D10-BD3D-3F298D60D37D}.Debug|x86.ActiveCfg = Debug|Any CPU
		{0509DFCC-A7FF-4D10-BD3D-3F298D60D37D}.Debug|x86.Build.0 = Debug|Any CPU
		{0509DFCC-A7FF-4D10-BD3D-3F298D60D37D}.Release|Any CPU.ActiveCfg = Release|Any CPU
		{0509DFCC-A7FF-4D10-BD3D-3F298D60D37D}.Release|Any CPU.Build.0 = Release|Any CPU
		{0509DFCC-A7FF-4D10-BD3D-3F298D60D37D}.Release|x64.ActiveCfg = Release|Any CPU
		{0509DFCC-A7FF-4D10-BD3D-3F298D60D37D}.Release|x64.Build.0 = Release|Any CPU
		{0509DFCC-A7FF-4D10-BD3D-3F298D60D37D}.Release|x86.ActiveCfg = Release|Any CPU
		{0509DFCC-A7FF-4D10-BD3D-3F298D60D37D}.Release|x86.Build.0 = Release|Any CPU
		{0966FF75-50C6-438B-B4D3-6A8C88588695}.Debug|Any CPU.ActiveCfg = Debug|Any CPU
		{0966FF75-50C6-438B-B4D3-6A8C88588695}.Debug|Any CPU.Build.0 = Debug|Any CPU
		{0966FF75-50C6-438B-B4D3-6A8C88588695}.Debug|x64.ActiveCfg = Debug|Any CPU
		{0966FF75-50C6-438B-B4D3-6A8C88588695}.Debug|x64.Build.0 = Debug|Any CPU
		{0966FF75-50C6-438B-B4D3-6A8C88588695}.Debug|x86.ActiveCfg = Debug|Any CPU
		{0966FF75-50C6-438B-B4D3-6A8C88588695}.Debug|x86.Build.0 = Debug|Any CPU
		{0966FF75-50C6-438B-B4D3-6A8C88588695}.Release|Any CPU.ActiveCfg = Release|Any CPU
		{0966FF75-50C6-438B-B4D3-6A8C88588695}.Release|Any CPU.Build.0 = Release|Any CPU
		{0966FF75-50C6-438B-B4D3-6A8C88588695}.Release|x64.ActiveCfg = Release|Any CPU
		{0966FF75-50C6-438B-B4D3-6A8C88588695}.Release|x64.Build.0 = Release|Any CPU
		{0966FF75-50C6-438B-B4D3-6A8C88588695}.Release|x86.ActiveCfg = Release|Any CPU
		{0966FF75-50C6-438B-B4D3-6A8C88588695}.Release|x86.Build.0 = Release|Any CPU
	EndGlobalSection
	GlobalSection(SolutionProperties) = preSolution
		HideSolutionNode = FALSE
	EndGlobalSection
EndGlobal
